
Microsoft Visual Studio Solution File, Format Version 12.00
# Visual Studio Version 16
VisualStudioVersion = 16.0.30204.135
MinimumVisualStudioVersion = 10.0.40219.1
Project("{9A19103F-16F7-4668-BE54-9A1E7A4F7556}") = "ERIK.Bot", "ERIK.Bot\ERIK.Bot.csproj", "{5FBE1C36-529A-4266-92D3-99BAA6D4827F}"
EndProject
Project("{2150E333-8FDC-42A3-9474-1A3956D46DE8}") = "Solution Items", "Solution Items", "{290D202C-E710-48DD-A009-2E967FCE1119}"
	ProjectSection(SolutionItems) = preProject
		.editorconfig = .editorconfig
		docker-compose.full.yaml = docker-compose.full.yaml
	EndProjectSection
EndProject
Project("{2150E333-8FDC-42A3-9474-1A3956D46DE8}") = "Lavalink", "Lavalink", "{D64F301A-5699-4D4B-A6F2-63781C4ABAB2}"
	ProjectSection(SolutionItems) = preProject
		application.yml = application.yml
		docker-compose.yml = docker-compose.yml
	EndProjectSection
EndProject
Global
	GlobalSection(SolutionConfigurationPlatforms) = preSolution
		Debug|Any CPU = Debug|Any CPU
		Release|Any CPU = Release|Any CPU
	EndGlobalSection
	GlobalSection(ProjectConfigurationPlatforms) = postSolution
		{5FBE1C36-529A-4266-92D3-99BAA6D4827F}.Debug|Any CPU.ActiveCfg = Debug|Any CPU
		{5FBE1C36-529A-4266-92D3-99BAA6D4827F}.Debug|Any CPU.Build.0 = Debug|Any CPU
		{5FBE1C36-529A-4266-92D3-99BAA6D4827F}.Release|Any CPU.ActiveCfg = Release|Any CPU
		{5FBE1C36-529A-4266-92D3-99BAA6D4827F}.Release|Any CPU.Build.0 = Release|Any CPU
	EndGlobalSection
	GlobalSection(SolutionProperties) = preSolution
		HideSolutionNode = FALSE
	EndGlobalSection
	GlobalSection(NestedProjects) = preSolution
		{D64F301A-5699-4D4B-A6F2-63781C4ABAB2} = {290D202C-E710-48DD-A009-2E967FCE1119}
	EndGlobalSection
	GlobalSection(ExtensibilityGlobals) = postSolution
		SolutionGuid = {9F1899A8-B41D-415B-A25E-6B8135EB174A}
	EndGlobalSection
EndGlobal
